
Microsoft Visual Studio Solution File, Format Version 12.00
# Visual Studio Version 16
VisualStudioVersion = 16.0.29215.179
MinimumVisualStudioVersion = 10.0.40219.1
Project("{FAE04EC0-301F-11D3-BF4B-00C04F79EFBC}") = "VERemoteAdmin", "VERemoteAdmin.csproj", "{6FBC9AE5-31EF-413C-979D-1857AC45E2E1}"
EndProject
Project("{2150E333-8FDC-42A3-9474-1A3956D46DE8}") = "Libs", "Libs", "{3D4135EE-5514-4E11-BA24-68E2AC5AC03D}"
EndProject
Project("{FAE04EC0-301F-11D3-BF4B-00C04F79EFBC}") = "VENet", "..\VENet\VENet.csproj", "{CF180852-50F9-46DB-B8FD-BA1089F1225F}"
EndProject
Project("{FAE04EC0-301F-11D3-BF4B-00C04F79EFBC}") = "VERemote", "..\VERemote\VERemote.csproj", "{BB5E29E9-A08A-4FA4-B9A9-846B5DD483CA}"
EndProject
Global
	GlobalSection(SolutionConfigurationPlatforms) = preSolution
		Backup|Any CPU = Backup|Any CPU
		CharterSchools|Any CPU = CharterSchools|Any CPU
		Configure|Any CPU = Configure|Any CPU
		Debug|Any CPU = Debug|Any CPU
		FolderDates|Any CPU = FolderDates|Any CPU
		Folders|Any CPU = Folders|Any CPU
		Parse|Any CPU = Parse|Any CPU
		Release|Any CPU = Release|Any CPU
		SecureText|Any CPU = SecureText|Any CPU
		Testing|Any CPU = Testing|Any CPU
		VEACL|Any CPU = VEACL|Any CPU
		VECharterAdmin|Any CPU = VECharterAdmin|Any CPU
		VECharterSchools|Any CPU = VECharterSchools|Any CPU
		VECharterStartup|Any CPU = VECharterStartup|Any CPU
		VEControl|Any CPU = VEControl|Any CPU
		VEDocument|Any CPU = VEDocument|Any CPU
		VEExcel|Any CPU = VEExcel|Any CPU
		VEFolder|Any CPU = VEFolder|Any CPU
		VEFtp|Any CPU = VEFtp|Any CPU
		VEHTMLDoc|Any CPU = VEHTMLDoc|Any CPU
		VEMetLife|Any CPU = VEMetLife|Any CPU
		VENet|Any CPU = VENet|Any CPU
		VERegistry|Any CPU = VERegistry|Any CPU
		VESentinel|Any CPU = VESentinel|Any CPU
		VESqlHelp|Any CPU = VESqlHelp|Any CPU
		VEStateFarm|Any CPU = VEStateFarm|Any CPU
		VEXmlTables|Any CPU = VEXmlTables|Any CPU
		VEZip|Any CPU = VEZip|Any CPU
		WebCharters|Any CPU = WebCharters|Any CPU
		WebClient|Any CPU = WebClient|Any CPU
		WebServers|Any CPU = WebServers|Any CPU
	EndGlobalSection
	GlobalSection(ProjectConfigurationPlatforms) = postSolution
		{6FBC9AE5-31EF-413C-979D-1857AC45E2E1}.Backup|Any CPU.ActiveCfg = VEFolder|Any CPU
		{6FBC9AE5-31EF-413C-979D-1857AC45E2E1}.Backup|Any CPU.Build.0 = VEFolder|Any CPU
		{6FBC9AE5-31EF-413C-979D-1857AC45E2E1}.CharterSchools|Any CPU.ActiveCfg = CharterSchools|Any CPU
		{6FBC9AE5-31EF-413C-979D-1857AC45E2E1}.CharterSchools|Any CPU.Build.0 = CharterSchools|Any CPU
		{6FBC9AE5-31EF-413C-979D-1857AC45E2E1}.Configure|Any CPU.ActiveCfg = Configure|Any CPU
		{6FBC9AE5-31EF-413C-979D-1857AC45E2E1}.Configure|Any CPU.Build.0 = Configure|Any CPU
		{6FBC9AE5-31EF-413C-979D-1857AC45E2E1}.Debug|Any CPU.ActiveCfg = Debug|Any CPU
		{6FBC9AE5-31EF-413C-979D-1857AC45E2E1}.Debug|Any CPU.Build.0 = Debug|Any CPU
		{6FBC9AE5-31EF-413C-979D-1857AC45E2E1}.FolderDates|Any CPU.ActiveCfg = VEFolder|Any CPU
		{6FBC9AE5-31EF-413C-979D-1857AC45E2E1}.FolderDates|Any CPU.Build.0 = VEFolder|Any CPU
		{6FBC9AE5-31EF-413C-979D-1857AC45E2E1}.Folders|Any CPU.ActiveCfg = VEFolder|Any CPU
		{6FBC9AE5-31EF-413C-979D-1857AC45E2E1}.Folders|Any CPU.Build.0 = VEFolder|Any CPU
		{6FBC9AE5-31EF-413C-979D-1857AC45E2E1}.Parse|Any CPU.ActiveCfg = Parse|Any CPU
		{6FBC9AE5-31EF-413C-979D-1857AC45E2E1}.Parse|Any CPU.Build.0 = Parse|Any CPU
		{6FBC9AE5-31EF-413C-979D-1857AC45E2E1}.Release|Any CPU.ActiveCfg = Release|Any CPU
		{6FBC9AE5-31EF-413C-979D-1857AC45E2E1}.Release|Any CPU.Build.0 = Release|Any CPU
		{6FBC9AE5-31EF-413C-979D-1857AC45E2E1}.SecureText|Any CPU.ActiveCfg = VEFolder|Any CPU
		{6FBC9AE5-31EF-413C-979D-1857AC45E2E1}.SecureText|Any CPU.Build.0 = VEFolder|Any CPU
		{6FBC9AE5-31EF-413C-979D-1857AC45E2E1}.Testing|Any CPU.ActiveCfg = VEFolder|Any CPU
		{6FBC9AE5-31EF-413C-979D-1857AC45E2E1}.Testing|Any CPU.Build.0 = VEFolder|Any CPU
		{6FBC9AE5-31EF-413C-979D-1857AC45E2E1}.VEACL|Any CPU.ActiveCfg = VEACL|Any CPU
		{6FBC9AE5-31EF-413C-979D-1857AC45E2E1}.VEACL|Any CPU.Build.0 = VEACL|Any CPU
		{6FBC9AE5-31EF-413C-979D-1857AC45E2E1}.VECharterAdmin|Any CPU.ActiveCfg = VECharterSchools|Any CPU
		{6FBC9AE5-31EF-413C-979D-1857AC45E2E1}.VECharterAdmin|Any CPU.Build.0 = VECharterSchools|Any CPU
		{6FBC9AE5-31EF-413C-979D-1857AC45E2E1}.VECharterSchools|Any CPU.ActiveCfg = VECharterSchools|Any CPU
		{6FBC9AE5-31EF-413C-979D-1857AC45E2E1}.VECharterSchools|Any CPU.Build.0 = VECharterSchools|Any CPU
		{6FBC9AE5-31EF-413C-979D-1857AC45E2E1}.VECharterStartup|Any CPU.ActiveCfg = VECharterSchools|Any CPU
		{6FBC9AE5-31EF-413C-979D-1857AC45E2E1}.VECharterStartup|Any CPU.Build.0 = VECharterSchools|Any CPU
		{6FBC9AE5-31EF-413C-979D-1857AC45E2E1}.VEControl|Any CPU.ActiveCfg = VECharterSchools|Any CPU
		{6FBC9AE5-31EF-413C-979D-1857AC45E2E1}.VEControl|Any CPU.Build.0 = VECharterSchools|Any CPU
		{6FBC9AE5-31EF-413C-979D-1857AC45E2E1}.VEDocument|Any CPU.ActiveCfg = VEDocument|Any CPU
		{6FBC9AE5-31EF-413C-979D-1857AC45E2E1}.VEDocument|Any CPU.Build.0 = VEDocument|Any CPU
		{6FBC9AE5-31EF-413C-979D-1857AC45E2E1}.VEExcel|Any CPU.ActiveCfg = VEExcel|Any CPU
		{6FBC9AE5-31EF-413C-979D-1857AC45E2E1}.VEExcel|Any CPU.Build.0 = VEExcel|Any CPU
		{6FBC9AE5-31EF-413C-979D-1857AC45E2E1}.VEFolder|Any CPU.ActiveCfg = VEFolder|Any CPU
		{6FBC9AE5-31EF-413C-979D-1857AC45E2E1}.VEFolder|Any CPU.Build.0 = VEFolder|Any CPU
		{6FBC9AE5-31EF-413C-979D-1857AC45E2E1}.VEFtp|Any CPU.ActiveCfg = VEFolder|Any CPU
		{6FBC9AE5-31EF-413C-979D-1857AC45E2E1}.VEFtp|Any CPU.Build.0 = VEFolder|Any CPU
		{6FBC9AE5-31EF-413C-979D-1857AC45E2E1}.VEHTMLDoc|Any CPU.ActiveCfg = VEHTMLDoc|Any CPU
		{6FBC9AE5-31EF-413C-979D-1857AC45E2E1}.VEHTMLDoc|Any CPU.Build.0 = VEHTMLDoc|Any CPU
		{6FBC9AE5-31EF-413C-979D-1857AC45E2E1}.VEMetLife|Any CPU.ActiveCfg = VEMetLife|Any CPU
		{6FBC9AE5-31EF-413C-979D-1857AC45E2E1}.VEMetLife|Any CPU.Build.0 = VEMetLife|Any CPU
		{6FBC9AE5-31EF-413C-979D-1857AC45E2E1}.VENet|Any CPU.ActiveCfg = VEFolder|Any CPU
		{6FBC9AE5-31EF-413C-979D-1857AC45E2E1}.VENet|Any CPU.Build.0 = VEFolder|Any CPU
		{6FBC9AE5-31EF-413C-979D-1857AC45E2E1}.VERegistry|Any CPU.ActiveCfg = VERegistry|Any CPU
		{6FBC9AE5-31EF-413C-979D-1857AC45E2E1}.VERegistry|Any CPU.Build.0 = VERegistry|Any CPU
		{6FBC9AE5-31EF-413C-979D-1857AC45E2E1}.VESentinel|Any CPU.ActiveCfg = VESentinel|Any CPU
		{6FBC9AE5-31EF-413C-979D-1857AC45E2E1}.VESentinel|Any CPU.Build.0 = VESentinel|Any CPU
		{6FBC9AE5-31EF-413C-979D-1857AC45E2E1}.VESqlHelp|Any CPU.ActiveCfg = VESqlHelp|Any CPU
		{6FBC9AE5-31EF-413C-979D-1857AC45E2E1}.VESqlHelp|Any CPU.Build.0 = VESqlHelp|Any CPU
		{6FBC9AE5-31EF-413C-979D-1857AC45E2E1}.VEStateFarm|Any CPU.ActiveCfg = VEStateFarm|Any CPU
		{6FBC9AE5-31EF-413C-979D-1857AC45E2E1}.VEStateFarm|Any CPU.Build.0 = VEStateFarm|Any CPU
		{6FBC9AE5-31EF-413C-979D-1857AC45E2E1}.VEXmlTables|Any CPU.ActiveCfg = VEFolder|Any CPU
		{6FBC9AE5-31EF-413C-979D-1857AC45E2E1}.VEXmlTables|Any CPU.Build.0 = VEFolder|Any CPU
		{6FBC9AE5-31EF-413C-979D-1857AC45E2E1}.VEZip|Any CPU.ActiveCfg = VEZip|Any CPU
		{6FBC9AE5-31EF-413C-979D-1857AC45E2E1}.VEZip|Any CPU.Build.0 = VEZip|Any CPU
		{6FBC9AE5-31EF-413C-979D-1857AC45E2E1}.WebCharters|Any CPU.ActiveCfg = VEFolder|Any CPU
		{6FBC9AE5-31EF-413C-979D-1857AC45E2E1}.WebCharters|Any CPU.Build.0 = VEFolder|Any CPU
		{6FBC9AE5-31EF-413C-979D-1857AC45E2E1}.WebClient|Any CPU.ActiveCfg = VEFolder|Any CPU
		{6FBC9AE5-31EF-413C-979D-1857AC45E2E1}.WebClient|Any CPU.Build.0 = VEFolder|Any CPU
		{6FBC9AE5-31EF-413C-979D-1857AC45E2E1}.WebServers|Any CPU.ActiveCfg = VEFolder|Any CPU
		{6FBC9AE5-31EF-413C-979D-1857AC45E2E1}.WebServers|Any CPU.Build.0 = VEFolder|Any CPU
		{CF180852-50F9-46DB-B8FD-BA1089F1225F}.Backup|Any CPU.ActiveCfg = Backup|Any CPU
		{CF180852-50F9-46DB-B8FD-BA1089F1225F}.Backup|Any CPU.Build.0 = Backup|Any CPU
		{CF180852-50F9-46DB-B8FD-BA1089F1225F}.CharterSchools|Any CPU.ActiveCfg = CharterSchools|Any CPU
		{CF180852-50F9-46DB-B8FD-BA1089F1225F}.CharterSchools|Any CPU.Build.0 = CharterSchools|Any CPU
		{CF180852-50F9-46DB-B8FD-BA1089F1225F}.Configure|Any CPU.ActiveCfg = Configure|Any CPU
		{CF180852-50F9-46DB-B8FD-BA1089F1225F}.Configure|Any CPU.Build.0 = Configure|Any CPU
		{CF180852-50F9-46DB-B8FD-BA1089F1225F}.Debug|Any CPU.ActiveCfg = Debug|Any CPU
		{CF180852-50F9-46DB-B8FD-BA1089F1225F}.Debug|Any CPU.Build.0 = Debug|Any CPU
		{CF180852-50F9-46DB-B8FD-BA1089F1225F}.FolderDates|Any CPU.ActiveCfg = FolderDates|Any CPU
		{CF180852-50F9-46DB-B8FD-BA1089F1225F}.FolderDates|Any CPU.Build.0 = FolderDates|Any CPU
		{CF180852-50F9-46DB-B8FD-BA1089F1225F}.Folders|Any CPU.ActiveCfg = Folders|Any CPU
		{CF180852-50F9-46DB-B8FD-BA1089F1225F}.Folders|Any CPU.Build.0 = Folders|Any CPU
		{CF180852-50F9-46DB-B8FD-BA1089F1225F}.Parse|Any CPU.ActiveCfg = Parse|Any CPU
		{CF180852-50F9-46DB-B8FD-BA1089F1225F}.Parse|Any CPU.Build.0 = Parse|Any CPU
		{CF180852-50F9-46DB-B8FD-BA1089F1225F}.Release|Any CPU.ActiveCfg = Release|Any CPU
		{CF180852-50F9-46DB-B8FD-BA1089F1225F}.Release|Any CPU.Build.0 = Release|Any CPU
		{CF180852-50F9-46DB-B8FD-BA1089F1225F}.SecureText|Any CPU.ActiveCfg = SecureText|Any CPU
		{CF180852-50F9-46DB-B8FD-BA1089F1225F}.SecureText|Any CPU.Build.0 = SecureText|Any CPU
		{CF180852-50F9-46DB-B8FD-BA1089F1225F}.Testing|Any CPU.ActiveCfg = VEControl|Any CPU
		{CF180852-50F9-46DB-B8FD-BA1089F1225F}.Testing|Any CPU.Build.0 = VEControl|Any CPU
		{CF180852-50F9-46DB-B8FD-BA1089F1225F}.VEACL|Any CPU.ActiveCfg = VEACL|Any CPU
		{CF180852-50F9-46DB-B8FD-BA1089F1225F}.VEACL|Any CPU.Build.0 = VEACL|Any CPU
		{CF180852-50F9-46DB-B8FD-BA1089F1225F}.VECharterAdmin|Any CPU.ActiveCfg = VECharterSchools|Any CPU
		{CF180852-50F9-46DB-B8FD-BA1089F1225F}.VECharterAdmin|Any CPU.Build.0 = VECharterSchools|Any CPU
		{CF180852-50F9-46DB-B8FD-BA1089F1225F}.VECharterSchools|Any CPU.ActiveCfg = VECharterSchools|Any CPU
		{CF180852-50F9-46DB-B8FD-BA1089F1225F}.VECharterSchools|Any CPU.Build.0 = VECharterSchools|Any CPU
		{CF180852-50F9-46DB-B8FD-BA1089F1225F}.VECharterStartup|Any CPU.ActiveCfg = VECharterSchools|Any CPU
		{CF180852-50F9-46DB-B8FD-BA1089F1225F}.VECharterStartup|Any CPU.Build.0 = VECharterSchools|Any CPU
		{CF180852-50F9-46DB-B8FD-BA1089F1225F}.VEControl|Any CPU.ActiveCfg = VEControl|Any CPU
		{CF180852-50F9-46DB-B8FD-BA1089F1225F}.VEControl|Any CPU.Build.0 = VEControl|Any CPU
		{CF180852-50F9-46DB-B8FD-BA1089F1225F}.VEDocument|Any CPU.ActiveCfg = VEDocument|Any CPU
		{CF180852-50F9-46DB-B8FD-BA1089F1225F}.VEDocument|Any CPU.Build.0 = VEDocument|Any CPU
		{CF180852-50F9-46DB-B8FD-BA1089F1225F}.VEExcel|Any CPU.ActiveCfg = VEExcel|Any CPU
		{CF180852-50F9-46DB-B8FD-BA1089F1225F}.VEExcel|Any CPU.Build.0 = VEExcel|Any CPU
		{CF180852-50F9-46DB-B8FD-BA1089F1225F}.VEFolder|Any CPU.ActiveCfg = VEFolder|Any CPU
		{CF180852-50F9-46DB-B8FD-BA1089F1225F}.VEFolder|Any CPU.Build.0 = VEFolder|Any CPU
		{CF180852-50F9-46DB-B8FD-BA1089F1225F}.VEFtp|Any CPU.ActiveCfg = VEFolder|Any CPU
		{CF180852-50F9-46DB-B8FD-BA1089F1225F}.VEFtp|Any CPU.Build.0 = VEFolder|Any CPU
		{CF180852-50F9-46DB-B8FD-BA1089F1225F}.VEHTMLDoc|Any CPU.ActiveCfg = VEHTMLDoc|Any CPU
		{CF180852-50F9-46DB-B8FD-BA1089F1225F}.VEHTMLDoc|Any CPU.Build.0 = VEHTMLDoc|Any CPU
		{CF180852-50F9-46DB-B8FD-BA1089F1225F}.VEMetLife|Any CPU.ActiveCfg = VEMetLife|Any CPU
		{CF180852-50F9-46DB-B8FD-BA1089F1225F}.VEMetLife|Any CPU.Build.0 = VEMetLife|Any CPU
		{CF180852-50F9-46DB-B8FD-BA1089F1225F}.VENet|Any CPU.ActiveCfg = VENet|Any CPU
		{CF180852-50F9-46DB-B8FD-BA1089F1225F}.VENet|Any CPU.Build.0 = VENet|Any CPU
		{CF180852-50F9-46DB-B8FD-BA1089F1225F}.VERegistry|Any CPU.ActiveCfg = VERegistry|Any CPU
		{CF180852-50F9-46DB-B8FD-BA1089F1225F}.VERegistry|Any CPU.Build.0 = VERegistry|Any CPU
		{CF180852-50F9-46DB-B8FD-BA1089F1225F}.VESentinel|Any CPU.ActiveCfg = VESentinel|Any CPU
		{CF180852-50F9-46DB-B8FD-BA1089F1225F}.VESentinel|Any CPU.Build.0 = VESentinel|Any CPU
		{CF180852-50F9-46DB-B8FD-BA1089F1225F}.VESqlHelp|Any CPU.ActiveCfg = VESqlHelp|Any CPU
		{CF180852-50F9-46DB-B8FD-BA1089F1225F}.VESqlHelp|Any CPU.Build.0 = VESqlHelp|Any CPU
		{CF180852-50F9-46DB-B8FD-BA1089F1225F}.VEStateFarm|Any CPU.ActiveCfg = VEStateFarm|Any CPU
		{CF180852-50F9-46DB-B8FD-BA1089F1225F}.VEStateFarm|Any CPU.Build.0 = VEStateFarm|Any CPU
		{CF180852-50F9-46DB-B8FD-BA1089F1225F}.VEXmlTables|Any CPU.ActiveCfg = VEXmlTables|Any CPU
		{CF180852-50F9-46DB-B8FD-BA1089F1225F}.VEXmlTables|Any CPU.Build.0 = VEXmlTables|Any CPU
		{CF180852-50F9-46DB-B8FD-BA1089F1225F}.VEZip|Any CPU.ActiveCfg = VEZip|Any CPU
		{CF180852-50F9-46DB-B8FD-BA1089F1225F}.VEZip|Any CPU.Build.0 = VEZip|Any CPU
		{CF180852-50F9-46DB-B8FD-BA1089F1225F}.WebCharters|Any CPU.ActiveCfg = WebClient|Any CPU
		{CF180852-50F9-46DB-B8FD-BA1089F1225F}.WebCharters|Any CPU.Build.0 = WebClient|Any CPU
		{CF180852-50F9-46DB-B8FD-BA1089F1225F}.WebClient|Any CPU.ActiveCfg = WebClient|Any CPU
		{CF180852-50F9-46DB-B8FD-BA1089F1225F}.WebClient|Any CPU.Build.0 = WebClient|Any CPU
		{CF180852-50F9-46DB-B8FD-BA1089F1225F}.WebServers|Any CPU.ActiveCfg = WebServers|Any CPU
		{CF180852-50F9-46DB-B8FD-BA1089F1225F}.WebServers|Any CPU.Build.0 = WebServers|Any CPU
		{BB5E29E9-A08A-4FA4-B9A9-846B5DD483CA}.Backup|Any CPU.ActiveCfg = VEFolder|Any CPU
		{BB5E29E9-A08A-4FA4-B9A9-846B5DD483CA}.Backup|Any CPU.Build.0 = VEFolder|Any CPU
		{BB5E29E9-A08A-4FA4-B9A9-846B5DD483CA}.CharterSchools|Any CPU.ActiveCfg = CharterSchools|Any CPU
		{BB5E29E9-A08A-4FA4-B9A9-846B5DD483CA}.CharterSchools|Any CPU.Build.0 = CharterSchools|Any CPU
		{BB5E29E9-A08A-4FA4-B9A9-846B5DD483CA}.Configure|Any CPU.ActiveCfg = Configure|Any CPU
		{BB5E29E9-A08A-4FA4-B9A9-846B5DD483CA}.Configure|Any CPU.Build.0 = Configure|Any CPU
		{BB5E29E9-A08A-4FA4-B9A9-846B5DD483CA}.Debug|Any CPU.ActiveCfg = Debug|Any CPU
		{BB5E29E9-A08A-4FA4-B9A9-846B5DD483CA}.Debug|Any CPU.Build.0 = Debug|Any CPU
		{BB5E29E9-A08A-4FA4-B9A9-846B5DD483CA}.FolderDates|Any CPU.ActiveCfg = FolderDates|Any CPU
		{BB5E29E9-A08A-4FA4-B9A9-846B5DD483CA}.FolderDates|Any CPU.Build.0 = FolderDates|Any CPU
		{BB5E29E9-A08A-4FA4-B9A9-846B5DD483CA}.Folders|Any CPU.ActiveCfg = FolderDates|Any CPU
		{BB5E29E9-A08A-4FA4-B9A9-846B5DD483CA}.Folders|Any CPU.Build.0 = FolderDates|Any CPU
		{BB5E29E9-A08A-4FA4-B9A9-846B5DD483CA}.Parse|Any CPU.ActiveCfg = Parse|Any CPU
		{BB5E29E9-A08A-4FA4-B9A9-846B5DD483CA}.Parse|Any CPU.Build.0 = Parse|Any CPU
		{BB5E29E9-A08A-4FA4-B9A9-846B5DD483CA}.Release|Any CPU.ActiveCfg = Release|Any CPU
		{BB5E29E9-A08A-4FA4-B9A9-846B5DD483CA}.Release|Any CPU.Build.0 = Release|Any CPU
		{BB5E29E9-A08A-4FA4-B9A9-846B5DD483CA}.SecureText|Any CPU.ActiveCfg = SecureText|Any CPU
		{BB5E29E9-A08A-4FA4-B9A9-846B5DD483CA}.SecureText|Any CPU.Build.0 = SecureText|Any CPU
		{BB5E29E9-A08A-4FA4-B9A9-846B5DD483CA}.Testing|Any CPU.ActiveCfg = VEFolder|Any CPU
		{BB5E29E9-A08A-4FA4-B9A9-846B5DD483CA}.Testing|Any CPU.Build.0 = VEFolder|Any CPU
		{BB5E29E9-A08A-4FA4-B9A9-846B5DD483CA}.VEACL|Any CPU.ActiveCfg = VEACL|Any CPU
		{BB5E29E9-A08A-4FA4-B9A9-846B5DD483CA}.VEACL|Any CPU.Build.0 = VEACL|Any CPU
		{BB5E29E9-A08A-4FA4-B9A9-846B5DD483CA}.VECharterAdmin|Any CPU.ActiveCfg = VECharterSchools|Any CPU
		{BB5E29E9-A08A-4FA4-B9A9-846B5DD483CA}.VECharterAdmin|Any CPU.Build.0 = VECharterSchools|Any CPU
		{BB5E29E9-A08A-4FA4-B9A9-846B5DD483CA}.VECharterSchools|Any CPU.ActiveCfg = VECharterSchools|Any CPU
		{BB5E29E9-A08A-4FA4-B9A9-846B5DD483CA}.VECharterSchools|Any CPU.Build.0 = VECharterSchools|Any CPU
		{BB5E29E9-A08A-4FA4-B9A9-846B5DD483CA}.VECharterStartup|Any CPU.ActiveCfg = VECharterSchools|Any CPU
		{BB5E29E9-A08A-4FA4-B9A9-846B5DD483CA}.VECharterStartup|Any CPU.Build.0 = VECharterSchools|Any CPU
		{BB5E29E9-A08A-4FA4-B9A9-846B5DD483CA}.VEControl|Any CPU.ActiveCfg = VECharterSchools|Any CPU
		{BB5E29E9-A08A-4FA4-B9A9-846B5DD483CA}.VEControl|Any CPU.Build.0 = VECharterSchools|Any CPU
		{BB5E29E9-A08A-4FA4-B9A9-846B5DD483CA}.VEDocument|Any CPU.ActiveCfg = VEDocument|Any CPU
		{BB5E29E9-A08A-4FA4-B9A9-846B5DD483CA}.VEDocument|Any CPU.Build.0 = VEDocument|Any CPU
		{BB5E29E9-A08A-4FA4-B9A9-846B5DD483CA}.VEExcel|Any CPU.ActiveCfg = VEExcel|Any CPU
		{BB5E29E9-A08A-4FA4-B9A9-846B5DD483CA}.VEExcel|Any CPU.Build.0 = VEExcel|Any CPU
		{BB5E29E9-A08A-4FA4-B9A9-846B5DD483CA}.VEFolder|Any CPU.ActiveCfg = VEFolder|Any CPU
		{BB5E29E9-A08A-4FA4-B9A9-846B5DD483CA}.VEFolder|Any CPU.Build.0 = VEFolder|Any CPU
		{BB5E29E9-A08A-4FA4-B9A9-846B5DD483CA}.VEFtp|Any CPU.ActiveCfg = VEFolder|Any CPU
		{BB5E29E9-A08A-4FA4-B9A9-846B5DD483CA}.VEFtp|Any CPU.Build.0 = VEFolder|Any CPU
		{BB5E29E9-A08A-4FA4-B9A9-846B5DD483CA}.VEHTMLDoc|Any CPU.ActiveCfg = VEHTMLDoc|Any CPU
		{BB5E29E9-A08A-4FA4-B9A9-846B5DD483CA}.VEHTMLDoc|Any CPU.Build.0 = VEHTMLDoc|Any CPU
		{BB5E29E9-A08A-4FA4-B9A9-846B5DD483CA}.VEMetLife|Any CPU.ActiveCfg = VEMetLife|Any CPU
		{BB5E29E9-A08A-4FA4-B9A9-846B5DD483CA}.VEMetLife|Any CPU.Build.0 = VEMetLife|Any CPU
		{BB5E29E9-A08A-4FA4-B9A9-846B5DD483CA}.VENet|Any CPU.ActiveCfg = VEFolder|Any CPU
		{BB5E29E9-A08A-4FA4-B9A9-846B5DD483CA}.VENet|Any CPU.Build.0 = VEFolder|Any CPU
		{BB5E29E9-A08A-4FA4-B9A9-846B5DD483CA}.VERegistry|Any CPU.ActiveCfg = VERegistry|Any CPU
		{BB5E29E9-A08A-4FA4-B9A9-846B5DD483CA}.VERegistry|Any CPU.Build.0 = VERegistry|Any CPU
		{BB5E29E9-A08A-4FA4-B9A9-846B5DD483CA}.VESentinel|Any CPU.ActiveCfg = VESentinel|Any CPU
		{BB5E29E9-A08A-4FA4-B9A9-846B5DD483CA}.VESentinel|Any CPU.Build.0 = VESentinel|Any CPU
		{BB5E29E9-A08A-4FA4-B9A9-846B5DD483CA}.VESqlHelp|Any CPU.ActiveCfg = VESqlHelp|Any CPU
		{BB5E29E9-A08A-4FA4-B9A9-846B5DD483CA}.VESqlHelp|Any CPU.Build.0 = VESqlHelp|Any CPU
		{BB5E29E9-A08A-4FA4-B9A9-846B5DD483CA}.VEStateFarm|Any CPU.ActiveCfg = VEStateFarm|Any CPU
		{BB5E29E9-A08A-4FA4-B9A9-846B5DD483CA}.VEStateFarm|Any CPU.Build.0 = VEStateFarm|Any CPU
		{BB5E29E9-A08A-4FA4-B9A9-846B5DD483CA}.VEXmlTables|Any CPU.ActiveCfg = VEXmlTables|Any CPU
		{BB5E29E9-A08A-4FA4-B9A9-846B5DD483CA}.VEXmlTables|Any CPU.Build.0 = VEXmlTables|Any CPU
		{BB5E29E9-A08A-4FA4-B9A9-846B5DD483CA}.VEZip|Any CPU.ActiveCfg = VEZip|Any CPU
		{BB5E29E9-A08A-4FA4-B9A9-846B5DD483CA}.VEZip|Any CPU.Build.0 = VEZip|Any CPU
		{BB5E29E9-A08A-4FA4-B9A9-846B5DD483CA}.WebCharters|Any CPU.ActiveCfg = WebClient|Any CPU
		{BB5E29E9-A08A-4FA4-B9A9-846B5DD483CA}.WebCharters|Any CPU.Build.0 = WebClient|Any CPU
		{BB5E29E9-A08A-4FA4-B9A9-846B5DD483CA}.WebClient|Any CPU.ActiveCfg = WebClient|Any CPU
		{BB5E29E9-A08A-4FA4-B9A9-846B5DD483CA}.WebClient|Any CPU.Build.0 = WebClient|Any CPU
		{BB5E29E9-A08A-4FA4-B9A9-846B5DD483CA}.WebServers|Any CPU.ActiveCfg = WebServers|Any CPU
		{BB5E29E9-A08A-4FA4-B9A9-846B5DD483CA}.WebServers|Any CPU.Build.0 = WebServers|Any CPU
	EndGlobalSection
	GlobalSection(SolutionProperties) = preSolution
		HideSolutionNode = FALSE
	EndGlobalSection
	GlobalSection(NestedProjects) = preSolution
		{CF180852-50F9-46DB-B8FD-BA1089F1225F} = {3D4135EE-5514-4E11-BA24-68E2AC5AC03D}
		{BB5E29E9-A08A-4FA4-B9A9-846B5DD483CA} = {3D4135EE-5514-4E11-BA24-68E2AC5AC03D}
	EndGlobalSection
	GlobalSection(ExtensibilityGlobals) = postSolution
		SolutionGuid = {489EF199-6886-4015-A939-A85531D2FD6E}
	EndGlobalSection
EndGlobal
